
Microsoft Visual Studio Solution File, Format Version 12.00
# Visual Studio Version 16
VisualStudioVersion = 16.0.31515.178
MinimumVisualStudioVersion = 10.0.40219.1
Project("{FAE04EC0-301F-11D3-BF4B-00C04F79EFBC}") = "BobsPizzaChallenge", "BobsPizzaChallenge\BobsPizzaChallenge.csproj", "{EDAAE5C6-E50B-4B97-941E-1ED583AB153A}"
EndProject
Global
	GlobalSection(SolutionConfigurationPlatforms) = preSolution
		Debug|Any CPU = Debug|Any CPU
		Release|Any CPU = Release|Any CPU
	EndGlobalSection
	GlobalSection(ProjectConfigurationPlatforms) = postSolution
		{EDAAE5C6-E50B-4B97-941E-1ED583AB153A}.Debug|Any CPU.ActiveCfg = Debug|Any CPU
		{EDAAE5C6-E50B-4B97-941E-1ED583AB153A}.Debug|Any CPU.Build.0 = Debug|Any CPU
		{EDAAE5C6-E50B-4B97-941E-1ED583AB153A}.Release|Any CPU.ActiveCfg = Release|Any CPU
		{EDAAE5C6-E50B-4B97-941E-1ED583AB153A}.Release|Any CPU.Build.0 = Release|Any CPU
	EndGlobalSection
	GlobalSection(SolutionProperties) = preSolution
		HideSolutionNode = FALSE
	EndGlobalSection
	GlobalSection(ExtensibilityGlobals) = postSolution
		SolutionGuid = {09F4AE1C-A103-4857-8A47-2C396F511A06}
	EndGlobalSection
EndGlobal
